
Microsoft Visual Studio Solution File, Format Version 12.00
# Visual Studio 2015
Project("{FAE04EC0-301F-11D3-BF4B-00C04F79EFBC}") = "Gitfolder.CSharp.Plugins", "Gitfolder.CSharp.Plugins.csproj", "{93CF679B-DF32-5398-0463-1E6F33EAFE95}"
EndProject
Project("{FAE04EC0-301F-11D3-BF4B-00C04F79EFBC}") = "Gitfolder.CSharp", "Gitfolder.CSharp.csproj", "{00FE5B50-F732-C8DF-BA84-78F6EBF11DC1}"
EndProject
Project("{FAE04EC0-301F-11D3-BF4B-00C04F79EFBC}") = "Gitfolder.CSharp.Editor", "Gitfolder.CSharp.Editor.csproj", "{A709DEB4-127A-9537-63B5-C962B644E508}"
EndProject
Global
	GlobalSection(SolutionConfigurationPlatforms) = preSolution
		Debug|Any CPU = Debug|Any CPU
		Release|Any CPU = Release|Any CPU
	EndGlobalSection
	GlobalSection(ProjectConfigurationPlatforms) = postSolution
		{93CF679B-DF32-5398-0463-1E6F33EAFE95}.Debug|Any CPU.ActiveCfg = Debug|Any CPU
		{93CF679B-DF32-5398-0463-1E6F33EAFE95}.Debug|Any CPU.Build.0 = Debug|Any CPU
		{93CF679B-DF32-5398-0463-1E6F33EAFE95}.Release|Any CPU.ActiveCfg = Release|Any CPU
		{93CF679B-DF32-5398-0463-1E6F33EAFE95}.Release|Any CPU.Build.0 = Release|Any CPU
		{00FE5B50-F732-C8DF-BA84-78F6EBF11DC1}.Debug|Any CPU.ActiveCfg = Debug|Any CPU
		{00FE5B50-F732-C8DF-BA84-78F6EBF11DC1}.Debug|Any CPU.Build.0 = Debug|Any CPU
		{00FE5B50-F732-C8DF-BA84-78F6EBF11DC1}.Release|Any CPU.ActiveCfg = Release|Any CPU
		{00FE5B50-F732-C8DF-BA84-78F6EBF11DC1}.Release|Any CPU.Build.0 = Release|Any CPU
		{A709DEB4-127A-9537-63B5-C962B644E508}.Debug|Any CPU.ActiveCfg = Debug|Any CPU
		{A709DEB4-127A-9537-63B5-C962B644E508}.Debug|Any CPU.Build.0 = Debug|Any CPU
		{A709DEB4-127A-9537-63B5-C962B644E508}.Release|Any CPU.ActiveCfg = Release|Any CPU
		{A709DEB4-127A-9537-63B5-C962B644E508}.Release|Any CPU.Build.0 = Release|Any CPU
	EndGlobalSection
	GlobalSection(SolutionProperties) = preSolution
		HideSolutionNode = FALSE
	EndGlobalSection
EndGlobal
